
Microsoft Visual Studio Solution File, Format Version 12.00
# Visual Studio Version 17
VisualStudioVersion = 17.6.33829.357
MinimumVisualStudioVersion = 10.0.40219.1
Project("{9A19103F-16F7-4668-BE54-9A1E7A4F7556}") = "DB", "DB\DB.csproj", "{39ACF2E1-C202-42B4-B817-F79B3275F8F9}"
EndProject
Project("{9A19103F-16F7-4668-BE54-9A1E7A4F7556}") = "QuestionsCodeFirstApi", "QuestionsCodeFirstApi\QuestionsCodeFirstApi.csproj", "{80D0F0A9-E5EC-474B-9300-E2159C785C7B}"
EndProject
Project("{FAE04EC0-301F-11D3-BF4B-00C04F79EFBC}") = "Question.Model", "Question.Model\Question.Model.csproj", "{95053097-0FA9-47A0-9216-44B34FABFE0C}"
EndProject
Global
	GlobalSection(SolutionConfigurationPlatforms) = preSolution
		Debug|Any CPU = Debug|Any CPU
		Release|Any CPU = Release|Any CPU
	EndGlobalSection
	GlobalSection(ProjectConfigurationPlatforms) = postSolution
		{39ACF2E1-C202-42B4-B817-F79B3275F8F9}.Debug|Any CPU.ActiveCfg = Debug|Any CPU
		{39ACF2E1-C202-42B4-B817-F79B3275F8F9}.Debug|Any CPU.Build.0 = Debug|Any CPU
		{39ACF2E1-C202-42B4-B817-F79B3275F8F9}.Release|Any CPU.ActiveCfg = Release|Any CPU
		{39ACF2E1-C202-42B4-B817-F79B3275F8F9}.Release|Any CPU.Build.0 = Release|Any CPU
		{80D0F0A9-E5EC-474B-9300-E2159C785C7B}.Debug|Any CPU.ActiveCfg = Debug|Any CPU
		{80D0F0A9-E5EC-474B-9300-E2159C785C7B}.Debug|Any CPU.Build.0 = Debug|Any CPU
		{80D0F0A9-E5EC-474B-9300-E2159C785C7B}.Release|Any CPU.ActiveCfg = Release|Any CPU
		{80D0F0A9-E5EC-474B-9300-E2159C785C7B}.Release|Any CPU.Build.0 = Release|Any CPU
		{95053097-0FA9-47A0-9216-44B34FABFE0C}.Debug|Any CPU.ActiveCfg = Debug|Any CPU
		{95053097-0FA9-47A0-9216-44B34FABFE0C}.Debug|Any CPU.Build.0 = Debug|Any CPU
		{95053097-0FA9-47A0-9216-44B34FABFE0C}.Release|Any CPU.ActiveCfg = Release|Any CPU
		{95053097-0FA9-47A0-9216-44B34FABFE0C}.Release|Any CPU.Build.0 = Release|Any CPU
	EndGlobalSection
	GlobalSection(SolutionProperties) = preSolution
		HideSolutionNode = FALSE
	EndGlobalSection
	GlobalSection(ExtensibilityGlobals) = postSolution
		SolutionGuid = {05222368-9310-432A-BB0D-451B5BDD54E8}
	EndGlobalSection
EndGlobal
